<?xml version="1.0" encoding="utf-8"?>
<Project ToolsVersion="4.0" xmlns="http://schemas.microsoft.com/developer/msbuild/2003">
  <ItemGroup>
    <Filter Include="Source Files">
      <UniqueIdentifier>{4FC737F1-C7A5-4376-A066-2A32D752A2FF}</UniqueIdentifier>
      <Extensions>cpp;c;cc;cxx;c++;cppm;ixx;def;odl;idl;hpj;bat;asm;asmx</Extensions>
    </Filter>
    <Filter Include="Header Files">
      <UniqueIdentifier>{93995380-89BD-4b04-88EB-625FBE52EBFB}</UniqueIdentifier>
      <Extensions>h;hh;hpp;hxx;h++;hm;inl;inc;ipp;xsd</Extensions>
    </Filter>
    <Filter Include="Resource Files">
      <UniqueIdentifier>{67DA6AB6-F800-4c08-8B7A-83BB121AAD01}</UniqueIdentifier>
      <Extensions>rc;ico;cur;bmp;dlg;rc2;rct;bin;rgs;gif;jpg;jpeg;jpe;resx;tiff;tif;png;wav;mfcribbon-ms</Extensions>
    </Filter>
    <Filter Include="Source Files\Scenes">
      <UniqueIdentifier>{d21ca67e-2e0e-43d9-8e85-cdd87e898c6b}</UniqueIdentifier>
    </Filter>
    <Filter Include="Source Files\Grid">
      <UniqueIdentifier>{231d5744-5e4b-4402-b85c-99a7ecada00e}</UniqueIdentifier>
    </Filter>
    <Filter Include="Header Files\Grid">
      <UniqueIdentifier>{6d54f8f0-f554-471f-96df-ee96cf8351b2}</UniqueIdentifier>
    </Filter>
    <Filter Include="Source Files\Reader">
      <UniqueIdentifier>{14d96dc6-6b46-434b-a9c4-f2435022e09f}</UniqueIdentifier>
    </Filter>
    <Filter Include="Source Files\Characters">
      <UniqueIdentifier>{aaf6092b-2a59-41de-b5e7-ecbf94fb3d71}</UniqueIdentifier>
    </Filter>
    <Filter Include="Header Files\Reader">
      <UniqueIdentifier>{384ef310-76bf-4ac3-aad1-960be0c45b6e}</UniqueIdentifier>
    </Filter>
    <Filter Include="Header Files\Characters">
      <UniqueIdentifier>{dc57cb1c-110b-40e4-ac67-97c0c5d506c4}</UniqueIdentifier>
    </Filter>
    <Filter Include="Header Files\Scene">
      <UniqueIdentifier>{2ea2f37b-d396-4acb-9fdc-ccd9c95a947f}</UniqueIdentifier>
    </Filter>
    <Filter Include="Source Files\Enemies">
      <UniqueIdentifier>{858676b3-5771-466c-b58c-7b10603d8262}</UniqueIdentifier>
    </Filter>
    <Filter Include="Header Files\Enemies">
      <UniqueIdentifier>{bc331f13-45f0-4c33-b41b-ddb84bc17897}</UniqueIdentifier>
    </Filter>
    <Filter Include="Header Files\Scene\LevelScene">
      <UniqueIdentifier>{a7007b6b-fca5-4ef0-bc37-f0f95097be9c}</UniqueIdentifier>
    </Filter>
    <Filter Include="Header Files\Scene\MainMenu">
      <UniqueIdentifier>{354cddf4-cacc-4900-aec2-155bd7569ea8}</UniqueIdentifier>
    </Filter>
    <Filter Include="Source Files\Scenes\MainMenu">
      <UniqueIdentifier>{cff9c6c3-0757-45c5-b1f0-112b8d72725a}</UniqueIdentifier>
    </Filter>
    <Filter Include="Header Files\Level">
      <UniqueIdentifier>{6a299063-8bf3-45c2-b54c-3a7e1b6c3db7}</UniqueIdentifier>
    </Filter>
    <Filter Include="Source Files\Level">
      <UniqueIdentifier>{49c58690-ebca-42dd-931d-029d1ac1a333}</UniqueIdentifier>
    </Filter>
  </ItemGroup>
  <ItemGroup>
    <ClCompile Include="Main.cpp">
      <Filter>Source Files</Filter>
    </ClCompile>
    <ClCompile Include="pch.cpp">
      <Filter>Source Files</Filter>
    </ClCompile>
    <ClCompile Include="Grid.cpp">
      <Filter>Source Files\Grid</Filter>
    </ClCompile>
    <ClCompile Include="CellComponent.cpp">
      <Filter>Source Files\Grid</Filter>
    </ClCompile>
    <ClCompile Include="BlockComponent.cpp">
      <Filter>Source Files\Grid</Filter>
    </ClCompile>
    <ClCompile Include="GameObservers.cpp">
      <Filter>Source Files</Filter>
    </ClCompile>
    <ClCompile Include="LevelReader.cpp">
      <Filter>Source Files\Reader</Filter>
    </ClCompile>
    <ClCompile Include="MainGame.cpp">
      <Filter>Source Files\Scenes</Filter>
    </ClCompile>
    <ClCompile Include="Player.cpp">
      <Filter>Source Files\Characters</Filter>
    </ClCompile>
    <ClCompile Include="Coily.cpp">
      <Filter>Source Files\Enemies</Filter>
    </ClCompile>
    <ClCompile Include="Graph.cpp">
      <Filter>Source Files</Filter>
    </ClCompile>
    <ClCompile Include="Spawner.cpp">
      <Filter>Source Files</Filter>
    </ClCompile>
    <ClCompile Include="Ugg_Wrongway.cpp">
      <Filter>Source Files\Enemies</Filter>
    </ClCompile>
    <ClCompile Include="Disc.cpp">
      <Filter>Source Files\Grid</Filter>
    </ClCompile>
    <ClCompile Include="Slick_Sam.cpp">
      <Filter>Source Files\Enemies</Filter>
    </ClCompile>
    <ClCompile Include="RedBall.cpp">
      <Filter>Source Files\Enemies</Filter>
    </ClCompile>
    <ClCompile Include="GreenBall.cpp">
      <Filter>Source Files\Enemies</Filter>
    </ClCompile>
    <ClCompile Include="MainMenuSDLButtons.cpp">
      <Filter>Source Files\Scenes\MainMenu</Filter>
    </ClCompile>
    <ClCompile Include="MainLevel.cpp">
      <Filter>Source Files\Level</Filter>
    </ClCompile>
    <ClCompile Include="QbertGameController.cpp">
      <Filter>Source Files</Filter>
    </ClCompile>
    <ClCompile Include="InGameMenuUI.cpp">
      <Filter>Source Files\Scenes\MainMenu</Filter>
    </ClCompile>
    <ClCompile Include="MainMenuLevel.cpp">
      <Filter>Source Files\Level</Filter>
    </ClCompile>
  </ItemGroup>
  <ItemGroup>
    <ClInclude Include="pch.h">
      <Filter>Header Files</Filter>
    </ClInclude>
    <ClInclude Include="Grid.h">
      <Filter>Header Files\Grid</Filter>
    </ClInclude>
    <ClInclude Include="CellComponent.h">
      <Filter>Header Files\Grid</Filter>
    </ClInclude>
    <ClInclude Include="BlockComponent.h">
      <Filter>Header Files\Grid</Filter>
    </ClInclude>
    <ClInclude Include="GameObservers.h">
      <Filter>Header Files</Filter>
    </ClInclude>
    <ClInclude Include="LevelReader.h">
      <Filter>Header Files\Reader</Filter>
    </ClInclude>
    <ClInclude Include="Player.h">
      <Filter>Header Files\Characters</Filter>
    </ClInclude>
    <ClInclude Include="PlayerController.h">
      <Filter>Header Files\Characters</Filter>
    </ClInclude>
    <ClInclude Include="GridController.h">
      <Filter>Header Files\Grid</Filter>
    </ClInclude>
    <ClInclude Include="Coily.h">
      <Filter>Header Files\Enemies</Filter>
    </ClInclude>
    <ClInclude Include="Graph.h">
      <Filter>Header Files</Filter>
    </ClInclude>
    <ClInclude Include="Spawner.h">
      <Filter>Header Files</Filter>
    </ClInclude>
    <ClInclude Include="EnemyController.h">
      <Filter>Header Files\Enemies</Filter>
    </ClInclude>
    <ClInclude Include="Utility.h">
      <Filter>Source Files</Filter>
    </ClInclude>
    <ClInclude Include="GeneralStruct.h">
      <Filter>Header Files</Filter>
    </ClInclude>
    <ClInclude Include="Ugg_Wrongway.h">
      <Filter>Header Files\Enemies</Filter>
    </ClInclude>
    <ClInclude Include="Disc.h">
      <Filter>Header Files\Grid</Filter>
    </ClInclude>
    <ClInclude Include="Slick_Sam.h">
      <Filter>Header Files\Enemies</Filter>
    </ClInclude>
    <ClInclude Include="RedBall.h">
      <Filter>Header Files\Enemies</Filter>
    </ClInclude>
    <ClInclude Include="GreenBall.h">
      <Filter>Header Files\Enemies</Filter>
    </ClInclude>
    <ClInclude Include="MainMenuSDLButtons.h">
      <Filter>Header Files\Scene\MainMenu</Filter>
    </ClInclude>
    <ClInclude Include="MainGame.h">
      <Filter>Header Files</Filter>
    </ClInclude>
    <ClInclude Include="MainLevel.h">
      <Filter>Header Files\Level</Filter>
    </ClInclude>
    <ClInclude Include="QbertGameController.h">
      <Filter>Header Files</Filter>
    </ClInclude>
    <ClInclude Include="InGameMenuUI.h">
      <Filter>Header Files\Scene\MainMenu</Filter>
    </ClInclude>
    <ClInclude Include="MainMenuLevel.h">
      <Filter>Header Files\Level</Filter>
    </ClInclude>
  </ItemGroup>
</Project>